
Microsoft Visual Studio Solution File, Format Version 12.00
# Visual Studio Version 17
VisualStudioVersion = 17.3.32929.385
MinimumVisualStudioVersion = 10.0.40219.1
Project("{FAE04EC0-301F-11D3-BF4B-00C04F79EFBC}") = "BankTestPlus", "BankTestPlus\BankTestPlus.csproj", "{B2CC1BB3-E407-4C80-B076-0F7B36EDC040}"
EndProject
Global
	GlobalSection(SolutionConfigurationPlatforms) = preSolution
		Debug|Any CPU = Debug|Any CPU
		Release|Any CPU = Release|Any CPU
	EndGlobalSection
	GlobalSection(ProjectConfigurationPlatforms) = postSolution
		{B2CC1BB3-E407-4C80-B076-0F7B36EDC040}.Debug|Any CPU.ActiveCfg = Debug|Any CPU
		{B2CC1BB3-E407-4C80-B076-0F7B36EDC040}.Debug|Any CPU.Build.0 = Debug|Any CPU
		{B2CC1BB3-E407-4C80-B076-0F7B36EDC040}.Release|Any CPU.ActiveCfg = Release|Any CPU
		{B2CC1BB3-E407-4C80-B076-0F7B36EDC040}.Release|Any CPU.Build.0 = Release|Any CPU
	EndGlobalSection
	GlobalSection(SolutionProperties) = preSolution
		HideSolutionNode = FALSE
	EndGlobalSection
	GlobalSection(ExtensibilityGlobals) = postSolution
		SolutionGuid = {E4219B0E-2B57-4B73-BBEF-C1FBA20BAB74}
	EndGlobalSection
EndGlobal
